// !$*UTF8*$!
{
	archiveVersion = 1;
	classes = {
	};
	objectVersion = 51;
	objects = {

/* Begin PBXBuildFile section */
		063A44A7967D05B09D511F17 /* Pods_MentaMVVM005.framework in Frameworks */ = {isa = PBXBuildFile; fileRef = 34D64A39AD57B82D483D7F1B /* Pods_MentaMVVM005.framework */; };
		6B2964BE24586BDD0077E78D /* AppDelegate.swift in Sources */ = {isa = PBXBuildFile; fileRef = 6B2964BD24586BDD0077E78D /* AppDelegate.swift */; };
		6B2964C624586BDD0077E78D /* GameViewController.swift in Sources */ = {isa = PBXBuildFile; fileRef = 6B2964C524586BDD0077E78D /* GameViewController.swift */; };
		6B2964C924586BDD0077E78D /* Main.storyboard in Resources */ = {isa = PBXBuildFile; fileRef = 6B2964C724586BDD0077E78D /* Main.storyboard */; };
		6B2964CB24586BDE0077E78D /* Assets.xcassets in Resources */ = {isa = PBXBuildFile; fileRef = 6B2964CA24586BDE0077E78D /* Assets.xcassets */; };
		6B2964CE24586BDE0077E78D /* LaunchScreen.storyboard in Resources */ = {isa = PBXBuildFile; fileRef = 6B2964CC24586BDE0077E78D /* LaunchScreen.storyboard */; };
		6B2964D624586D7A0077E78D /* ViewModel.swift in Sources */ = {isa = PBXBuildFile; fileRef = 6B2964D524586D7A0077E78D /* ViewModel.swift */; };
		6B2964D824586DBD0077E78D /* Model.swift in Sources */ = {isa = PBXBuildFile; fileRef = 6B2964D724586DBD0077E78D /* Model.swift */; };
/* End PBXBuildFile section */

/* Begin PBXFileReference section */
		10D474D63C7638314047CAE7 /* Pods-MentaMVVM005.debug.xcconfig */ = {isa = PBXFileReference; includeInIndex = 1; lastKnownFileType = text.xcconfig; name = "Pods-MentaMVVM005.debug.xcconfig"; path = "Target Support Files/Pods-MentaMVVM005/Pods-MentaMVVM005.debug.xcconfig"; sourceTree = "<group>"; };
		34D64A39AD57B82D483D7F1B /* Pods_MentaMVVM005.framework */ = {isa = PBXFileReference; explicitFileType = wrapper.framework; includeInIndex = 0; path = Pods_MentaMVVM005.framework; sourceTree = BUILT_PRODUCTS_DIR; };
		6B2964BA24586BDD0077E78D /* MentaMVVM005.app */ = {isa = PBXFileReference; explicitFileType = wrapper.application; includeInIndex = 0; path = MentaMVVM005.app; sourceTree = BUILT_PRODUCTS_DIR; };
		6B2964BD24586BDD0077E78D /* AppDelegate.swift */ = {isa = PBXFileReference; lastKnownFileType = sourcecode.swift; path = AppDelegate.swift; sourceTree = "<group>"; };
		6B2964C524586BDD0077E78D /* GameViewController.swift */ = {isa = PBXFileReference; lastKnownFileType = sourcecode.swift; path = GameViewController.swift; sourceTree = "<group>"; };
		6B2964C824586BDD0077E78D /* Base */ = {isa = PBXFileReference; lastKnownFileType = file.storyboard; name = Base; path = Base.lproj/Main.storyboard; sourceTree = "<group>"; };
		6B2964CA24586BDE0077E78D /* Assets.xcassets */ = {isa = PBXFileReference; lastKnownFileType = folder.assetcatalog; path = Assets.xcassets; sourceTree = "<group>"; };
		6B2964CD24586BDE0077E78D /* Base */ = {isa = PBXFileReference; lastKnownFileType = file.storyboard; name = Base; path = Base.lproj/LaunchScreen.storyboard; sourceTree = "<group>"; };
		6B2964CF24586BDE0077E78D /* Info.plist */ = {isa = PBXFileReference; lastKnownFileType = text.plist.xml; path = Info.plist; sourceTree = "<group>"; };
		6B2964D524586D7A0077E78D /* ViewModel.swift */ = {isa = PBXFileReference; lastKnownFileType = sourcecode.swift; path = ViewModel.swift; sourceTree = "<group>"; };
		6B2964D724586DBD0077E78D /* Model.swift */ = {isa = PBXFileReference; lastKnownFileType = sourcecode.swift; path = Model.swift; sourceTree = "<group>"; };
		A937142ECEE57BE595426A86 /* Pods-MentaMVVM005.release.xcconfig */ = {isa = PBXFileReference; includeInIndex = 1; lastKnownFileType = text.xcconfig; name = "Pods-MentaMVVM005.release.xcconfig"; path = "Target Support Files/Pods-MentaMVVM005/Pods-MentaMVVM005.release.xcconfig"; sourceTree = "<group>"; };
/* End PBXFileReference section */

/* Begin PBXFrameworksBuildPhase section */
		6B2964B724586BDD0077E78D /* Frameworks */ = {
			isa = PBXFrameworksBuildPhase;
			buildActionMask = 2147483647;
			files = (
				063A44A7967D05B09D511F17 /* Pods_MentaMVVM005.framework in Frameworks */,
			);
			runOnlyForDeploymentPostprocessing = 0;
		};
/* End PBXFrameworksBuildPhase section */

/* Begin PBXGroup section */
		6B2964B124586BDD0077E78D = {
			isa = PBXGroup;
			children = (
				6B2964BC24586BDD0077E78D /* MentaMVVM005 */,
				6B2964BB24586BDD0077E78D /* Products */,
				981F759E1EA391B6C63247B0 /* Pods */,
				860238682B8FD069A0B64C3D /* Frameworks */,
			);
			sourceTree = "<group>";
		};
		6B2964BB24586BDD0077E78D /* Products */ = {
			isa = PBXGroup;
			children = (
				6B2964BA24586BDD0077E78D /* MentaMVVM005.app */,
			);
			name = Products;
			sourceTree = "<group>";
		};
		6B2964BC24586BDD0077E78D /* MentaMVVM005 */ = {
			isa = PBXGroup;
			children = (
				6B2964BD24586BDD0077E78D /* AppDelegate.swift */,
				6B2964C524586BDD0077E78D /* GameViewController.swift */,
				6B2964C724586BDD0077E78D /* Main.storyboard */,
				6B2964CA24586BDE0077E78D /* Assets.xcassets */,
				6B2964CC24586BDE0077E78D /* LaunchScreen.storyboard */,
				6B2964CF24586BDE0077E78D /* Info.plist */,
				6B2964D524586D7A0077E78D /* ViewModel.swift */,
				6B2964D724586DBD0077E78D /* Model.swift */,
			);
			path = MentaMVVM005;
			sourceTree = "<group>";
		};
		860238682B8FD069A0B64C3D /* Frameworks */ = {
			isa = PBXGroup;
			children = (
				34D64A39AD57B82D483D7F1B /* Pods_MentaMVVM005.framework */,
			);
			name = Frameworks;
			sourceTree = "<group>";
		};
		981F759E1EA391B6C63247B0 /* Pods */ = {
			isa = PBXGroup;
			children = (
				10D474D63C7638314047CAE7 /* Pods-MentaMVVM005.debug.xcconfig */,
				A937142ECEE57BE595426A86 /* Pods-MentaMVVM005.release.xcconfig */,
			);
			path = Pods;
			sourceTree = "<group>";
		};
/* End PBXGroup section */

/* Begin PBXNativeTarget section */
		6B2964B924586BDD0077E78D /* MentaMVVM005 */ = {
			isa = PBXNativeTarget;
			buildConfigurationList = 6B2964D224586BDE0077E78D /* Build configuration list for PBXNativeTarget "MentaMVVM005" */;
			buildPhases = (
				1A89C6AFBF3B2B028D238000 /* [CP] Check Pods Manifest.lock */,
				6B2964B624586BDD0077E78D /* Sources */,
				6B2964B724586BDD0077E78D /* Frameworks */,
				6B2964B824586BDD0077E78D /* Resources */,
				0DB8EC6DEDEFC744D874BA27 /* [CP] Embed Pods Frameworks */,
			);
			buildRules = (
			);
			dependencies = (
			);
			name = MentaMVVM005;
			productName = MentaMVVM005;
			productReference = 6B2964BA24586BDD0077E78D /* MentaMVVM005.app */;
			productType = "com.apple.product-type.application";
		};
/* End PBXNativeTarget section */

/* Begin PBXProject section */
		6B2964B224586BDD0077E78D /* Project object */ = {
			isa = PBXProject;
			attributes = {
				LastSwiftUpdateCheck = 1140;
				LastUpgradeCheck = 1140;
				ORGANIZATIONNAME = "Yoshiki Izumi";
				TargetAttributes = {
					6B2964B924586BDD0077E78D = {
						CreatedOnToolsVersion = 11.4.1;
					};
				};
			};
			buildConfigurationList = 6B2964B524586BDD0077E78D /* Build configuration list for PBXProject "MentaMVVM005" */;
			compatibilityVersion = "Xcode 9.3";
			developmentRegion = en;
			hasScannedForEncodings = 0;
			knownRegions = (
				en,
				Base,
			);
			mainGroup = 6B2964B124586BDD0077E78D;
			productRefGroup = 6B2964BB24586BDD0077E78D /* Products */;
			projectDirPath = "";
			projectRoot = "";
			targets = (
				6B2964B924586BDD0077E78D /* MentaMVVM005 */,
			);
		};
/* End PBXProject section */

/* Begin PBXResourcesBuildPhase section */
		6B2964B824586BDD0077E78D /* Resources */ = {
			isa = PBXResourcesBuildPhase;
			buildActionMask = 2147483647;
			files = (
				6B2964C924586BDD0077E78D /* Main.storyboard in Resources */,
				6B2964CB24586BDE0077E78D /* Assets.xcassets in Resources */,
				6B2964CE24586BDE0077E78D /* LaunchScreen.storyboard in Resources */,
			);
			runOnlyForDeploymentPostprocessing = 0;
		};
/* End PBXResourcesBuildPhase section */

/* Begin PBXShellScriptBuildPhase section */
		0DB8EC6DEDEFC744D874BA27 /* [CP] Embed Pods Frameworks */ = {
			isa = PBXShellScriptBuildPhase;
			buildActionMask = 2147483647;
			files = (
			);
			inputFileListPaths = (
				"${PODS_ROOT}/Target Support Files/Pods-MentaMVVM005/Pods-MentaMVVM005-frameworks-${CONFIGURATION}-input-files.xcfilelist",
			);
			name = "[CP] Embed Pods Frameworks";
			outputFileListPaths = (
				"${PODS_ROOT}/Target Support Files/Pods-MentaMVVM005/Pods-MentaMVVM005-frameworks-${CONFIGURATION}-output-files.xcfilelist",
			);
			runOnlyForDeploymentPostprocessing = 0;
			shellPath = /bin/sh;
			shellScript = "\"${PODS_ROOT}/Target Support Files/Pods-MentaMVVM005/Pods-MentaMVVM005-frameworks.sh\"\n";
			showEnvVarsInLog = 0;
		};
		1A89C6AFBF3B2B028D238000 /* [CP] Check Pods Manifest.lock */ = {
			isa = PBXShellScriptBuildPhase;
			buildActionMask = 2147483647;
			files = (
			);
			inputFileListPaths = (
			);
			inputPaths = (
				"${PODS_PODFILE_DIR_PATH}/Podfile.lock",
				"${PODS_ROOT}/Manifest.lock",
			);
			name = "[CP] Check Pods Manifest.lock";
			outputFileListPaths = (
			);
			outputPaths = (
				"$(DERIVED_FILE_DIR)/Pods-MentaMVVM005-checkManifestLockResult.txt",
			);
			runOnlyForDeploymentPostprocessing = 0;
			shellPath = /bin/sh;
			shellScript = "diff \"${PODS_PODFILE_DIR_PATH}/Podfile.lock\" \"${PODS_ROOT}/Manifest.lock\" > /dev/null\nif [ $? != 0 ] ; then\n    # print error to STDERR\n    echo \"error: The sandbox is not in sync with the Podfile.lock. Run 'pod install' or update your CocoaPods installation.\" >&2\n    exit 1\nfi\n# This output is used by Xcode 'outputs' to avoid re-running this script phase.\necho \"SUCCESS\" > \"${SCRIPT_OUTPUT_FILE_0}\"\n";
			showEnvVarsInLog = 0;
		};
/* End PBXShellScriptBuildPhase section */

/* Begin PBXSourcesBuildPhase section */
		6B2964B624586BDD0077E78D /* Sources */ = {
			isa = PBXSourcesBuildPhase;
			buildActionMask = 2147483647;
			files = (
				6B2964D824586DBD0077E78D /* Model.swift in Sources */,
				6B2964C624586BDD0077E78D /* GameViewController.swift in Sources */,
				6B2964D624586D7A0077E78D /* ViewModel.swift in Sources */,
				6B2964BE24586BDD0077E78D /* AppDelegate.swift in Sources */,
			);
			runOnlyForDeploymentPostprocessing = 0;
		};
/* End PBXSourcesBuildPhase section */

/* Begin PBXVariantGroup section */
		6B2964C724586BDD0077E78D /* Main.storyboard */ = {
			isa = PBXVariantGroup;
			children = (
				6B2964C824586BDD0077E78D /* Base */,
			);
			name = Main.storyboard;
			sourceTree = "<group>";
		};
		6B2964CC24586BDE0077E78D /* LaunchScreen.storyboard */ = {
			isa = PBXVariantGroup;
			children = (
				6B2964CD24586BDE0077E78D /* Base */,
			);
			name = LaunchScreen.storyboard;
			sourceTree = "<group>";
		};
/* End PBXVariantGroup section */

/* Begin XCBuildConfiguration section */
		6B2964D024586BDE0077E78D /* Debug */ = {
			isa = XCBuildConfiguration;
			buildSettings = {
				ALWAYS_SEARCH_USER_PATHS = NO;
				CLANG_ANALYZER_NONNULL = YES;
				CLANG_ANALYZER_NUMBER_OBJECT_CONVERSION = YES_AGGRESSIVE;
				CLANG_CXX_LANGUAGE_STANDARD = "gnu++14";
				CLANG_CXX_LIBRARY = "libc++";
				CLANG_ENABLE_MODULES = YES;
				CLANG_ENABLE_OBJC_ARC = YES;
				CLANG_ENABLE_OBJC_WEAK = YES;
				CLANG_WARN_BLOCK_CAPTURE_AUTORELEASING = YES;
				CLANG_WARN_BOOL_CONVERSION = YES;
				CLANG_WARN_COMMA = YES;
				CLANG_WARN_CONSTANT_CONVERSION = YES;
				CLANG_WARN_DEPRECATED_OBJC_IMPLEMENTATIONS = YES;
				CLANG_WARN_DIRECT_OBJC_ISA_USAGE = YES_ERROR;
				CLANG_WARN_DOCUMENTATION_COMMENTS = YES;
				CLANG_WARN_EMPTY_BODY = YES;
				CLANG_WARN_ENUM_CONVERSION = YES;
				CLANG_WARN_INFINITE_RECURSION = YES;
				CLANG_WARN_INT_CONVERSION = YES;
				CLANG_WARN_NON_LITERAL_NULL_CONVERSION = YES;
				CLANG_WARN_OBJC_IMPLICIT_RETAIN_SELF = YES;
				CLANG_WARN_OBJC_LITERAL_CONVERSION = YES;
				CLANG_WARN_OBJC_ROOT_CLASS = YES_ERROR;
				CLANG_WARN_RANGE_LOOP_ANALYSIS = YES;
				CLANG_WARN_STRICT_PROTOTYPES = YES;
				CLANG_WARN_SUSPICIOUS_MOVE = YES;
				CLANG_WARN_UNGUARDED_AVAILABILITY = YES_AGGRESSIVE;
				CLANG_WARN_UNREACHABLE_CODE = YES;
				CLANG_WARN__DUPLICATE_METHOD_MATCH = YES;
				COPY_PHASE_STRIP = NO;
				DEBUG_INFORMATION_FORMAT = dwarf;
				ENABLE_STRICT_OBJC_MSGSEND = YES;
				ENABLE_TESTABILITY = YES;
				GCC_C_LANGUAGE_STANDARD = gnu11;
				GCC_DYNAMIC_NO_PIC = NO;
				GCC_NO_COMMON_BLOCKS = YES;
				GCC_OPTIMIZATION_LEVEL = 0;
				GCC_PREPROCESSOR_DEFINITIONS = (
					"DEBUG=1",
					"$(inherited)",
				);
				GCC_WARN_64_TO_32_BIT_CONVERSION = YES;
				GCC_WARN_ABOUT_RETURN_TYPE = YES_ERROR;
				GCC_WARN_UNDECLARED_SELECTOR = YES;
				GCC_WARN_UNINITIALIZED_AUTOS = YES_AGGRESSIVE;
				GCC_WARN_UNUSED_FUNCTION = YES;
				GCC_WARN_UNUSED_VARIABLE = YES;
				IPHONEOS_DEPLOYMENT_TARGET = 13.4;
				MTL_ENABLE_DEBUG_INFO = INCLUDE_SOURCE;
				MTL_FAST_MATH = YES;
				ONLY_ACTIVE_ARCH = YES;
				SDKROOT = iphoneos;
				SWIFT_ACTIVE_COMPILATION_CONDITIONS = DEBUG;
				SWIFT_OPTIMIZATION_LEVEL = "-Onone";
			};
			name = Debug;
		};
		6B2964D124586BDE0077E78D /* Release */ = {
			isa = XCBuildConfiguration;
			buildSettings = {
				ALWAYS_SEARCH_USER_PATHS = NO;
				CLANG_ANALYZER_NONNULL = YES;
				CLANG_ANALYZER_NUMBER_OBJECT_CONVERSION = YES_AGGRESSIVE;
				CLANG_CXX_LANGUAGE_STANDARD = "gnu++14";
				CLANG_CXX_LIBRARY = "libc++";
				CLANG_ENABLE_MODULES = YES;
				CLANG_ENABLE_OBJC_ARC = YES;
				CLANG_ENABLE_OBJC_WEAK = YES;
				CLANG_WARN_BLOCK_CAPTURE_AUTORELEASING = YES;
				CLANG_WARN_BOOL_CONVERSION = YES;
				CLANG_WARN_COMMA = YES;
				CLANG_WARN_CONSTANT_CONVERSION = YES;
				CLANG_WARN_DEPRECATED_OBJC_IMPLEMENTATIONS = YES;
				CLANG_WARN_DIRECT_OBJC_ISA_USAGE = YES_ERROR;
				CLANG_WARN_DOCUMENTATION_COMMENTS = YES;
				CLANG_WARN_EMPTY_BODY = YES;
				CLANG_WARN_ENUM_CONVERSION = YES;
				CLANG_WARN_INFINITE_RECURSION = YES;
				CLANG_WARN_INT_CONVERSION = YES;
				CLANG_WARN_NON_LITERAL_NULL_CONVERSION = YES;
				CLANG_WARN_OBJC_IMPLICIT_RETAIN_SELF = YES;
				CLANG_WARN_OBJC_LITERAL_CONVERSION = YES;
				CLANG_WARN_OBJC_ROOT_CLASS = YES_ERROR;
				CLANG_WARN_RANGE_LOOP_ANALYSIS = YES;
				CLANG_WARN_STRICT_PROTOTYPES = YES;
				CLANG_WARN_SUSPICIOUS_MOVE = YES;
				CLANG_WARN_UNGUARDED_AVAILABILITY = YES_AGGRESSIVE;
				CLANG_WARN_UNREACHABLE_CODE = YES;
				CLANG_WARN__DUPLICATE_METHOD_MATCH = YES;
				COPY_PHASE_STRIP = NO;
				DEBUG_INFORMATION_FORMAT = "dwarf-with-dsym";
				ENABLE_NS_ASSERTIONS = NO;
				ENABLE_STRICT_OBJC_MSGSEND = YES;
				GCC_C_LANGUAGE_STANDARD = gnu11;
				GCC_NO_COMMON_BLOCKS = YES;
				GCC_WARN_64_TO_32_BIT_CONVERSION = YES;
				GCC_WARN_ABOUT_RETURN_TYPE = YES_ERROR;
				GCC_WARN_UNDECLARED_SELECTOR = YES;
				GCC_WARN_UNINITIALIZED_AUTOS = YES_AGGRESSIVE;
				GCC_WARN_UNUSED_FUNCTION = YES;
				GCC_WARN_UNUSED_VARIABLE = YES;
				IPHONEOS_DEPLOYMENT_TARGET = 13.4;
				MTL_ENABLE_DEBUG_INFO = NO;
				MTL_FAST_MATH = YES;
				SDKROOT = iphoneos;
				SWIFT_COMPILATION_MODE = wholemodule;
				SWIFT_OPTIMIZATION_LEVEL = "-O";
				VALIDATE_PRODUCT = YES;
			};
			name = Release;
		};
		6B2964D324586BDE0077E78D /* Debug */ = {
			isa = XCBuildConfiguration;
			baseConfigurationReference = 10D474D63C7638314047CAE7 /* Pods-MentaMVVM005.debug.xcconfig */;
			buildSettings = {
				ASSETCATALOG_COMPILER_APPICON_NAME = AppIcon;
				CODE_SIGN_STYLE = Automatic;
				INFOPLIST_FILE = MentaMVVM005/Info.plist;
				LD_RUNPATH_SEARCH_PATHS = (
					"$(inherited)",
					"@executable_path/Frameworks",
				);
				PRODUCT_BUNDLE_IDENTIFIER = "continue-jump.MentaMVVM005";
				PRODUCT_NAME = "$(TARGET_NAME)";
				SWIFT_VERSION = 5.0;
				TARGETED_DEVICE_FAMILY = "1,2";
			};
			name = Debug;
		};
		6B2964D424586BDE0077E78D /* Release */ = {
			isa = XCBuildConfiguration;
			baseConfigurationReference = A937142ECEE57BE595426A86 /* Pods-MentaMVVM005.release.xcconfig */;
			buildSettings = {
				ASSETCATALOG_COMPILER_APPICON_NAME = AppIcon;
				CODE_SIGN_STYLE = Automatic;
				INFOPLIST_FILE = MentaMVVM005/Info.plist;
				LD_RUNPATH_SEARCH_PATHS = (
					"$(inherited)",
					"@executable_path/Frameworks",
				);
				PRODUCT_BUNDLE_IDENTIFIER = "continue-jump.MentaMVVM005";
				PRODUCT_NAME = "$(TARGET_NAME)";
				SWIFT_VERSION = 5.0;
				TARGETED_DEVICE_FAMILY = "1,2";
			};
			name = Release;
		};
/* End XCBuildConfiguration section */

/* Begin XCConfigurationList section */
		6B2964B524586BDD0077E78D /* Build configuration list for PBXProject "MentaMVVM005" */ = {
			isa = XCConfigurationList;
			buildConfigurations = (
				6B2964D024586BDE0077E78D /* Debug */,
				6B2964D124586BDE0077E78D /* Release */,
			);
			defaultConfigurationIsVisible = 0;
			defaultConfigurationName = Release;
		};
		6B2964D224586BDE0077E78D /* Build configuration list for PBXNativeTarget "MentaMVVM005" */ = {
			isa = XCConfigurationList;
			buildConfigurations = (
				6B2964D324586BDE0077E78D /* Debug */,
				6B2964D424586BDE0077E78D /* Release */,
			);
			defaultConfigurationIsVisible = 0;
			defaultConfigurationName = Release;
		};
/* End XCConfigurationList section */
	};
	rootObject = 6B2964B224586BDD0077E78D /* Project object */;
}
